
Microsoft Visual Studio Solution File, Format Version 12.00
# Visual Studio Version 17
VisualStudioVersion = 17.3.32901.215
MinimumVisualStudioVersion = 10.0.40219.1
Project("{FAE04EC0-301F-11D3-BF4B-00C04F79EFBC}") = "kitap-ornek", "kitap-ornek\kitap-ornek.csproj", "{EF405A68-61E9-4907-86A9-CCD86E0AC851}"
EndProject
Global
	GlobalSection(SolutionConfigurationPlatforms) = preSolution
		Debug|Any CPU = Debug|Any CPU
		Release|Any CPU = Release|Any CPU
	EndGlobalSection
	GlobalSection(ProjectConfigurationPlatforms) = postSolution
		{EF405A68-61E9-4907-86A9-CCD86E0AC851}.Debug|Any CPU.ActiveCfg = Debug|Any CPU
		{EF405A68-61E9-4907-86A9-CCD86E0AC851}.Debug|Any CPU.Build.0 = Debug|Any CPU
		{EF405A68-61E9-4907-86A9-CCD86E0AC851}.Release|Any CPU.ActiveCfg = Release|Any CPU
		{EF405A68-61E9-4907-86A9-CCD86E0AC851}.Release|Any CPU.Build.0 = Release|Any CPU
	EndGlobalSection
	GlobalSection(SolutionProperties) = preSolution
		HideSolutionNode = FALSE
	EndGlobalSection
	GlobalSection(ExtensibilityGlobals) = postSolution
		SolutionGuid = {C9173E12-7154-4B6E-8366-F2C0A8FCBE8C}
	EndGlobalSection
EndGlobal
